
Microsoft Visual Studio Solution File, Format Version 12.00
# Visual Studio Version 16
VisualStudioVersion = 16.0.30907.101
MinimumVisualStudioVersion = 10.0.40219.1
Project("{FAE04EC0-301F-11D3-BF4B-00C04F79EFBC}") = "SonghandlerApplication", "SonghandlerApplication\SonghandlerApplication.csproj", "{934F68E6-5F38-4D36-9830-2178DCEA823D}"
EndProject
Global
	GlobalSection(SolutionConfigurationPlatforms) = preSolution
		Debug|Any CPU = Debug|Any CPU
		Release|Any CPU = Release|Any CPU
	EndGlobalSection
	GlobalSection(ProjectConfigurationPlatforms) = postSolution
		{934F68E6-5F38-4D36-9830-2178DCEA823D}.Debug|Any CPU.ActiveCfg = Debug|Any CPU
		{934F68E6-5F38-4D36-9830-2178DCEA823D}.Debug|Any CPU.Build.0 = Debug|Any CPU
		{934F68E6-5F38-4D36-9830-2178DCEA823D}.Release|Any CPU.ActiveCfg = Release|Any CPU
		{934F68E6-5F38-4D36-9830-2178DCEA823D}.Release|Any CPU.Build.0 = Release|Any CPU
	EndGlobalSection
	GlobalSection(SolutionProperties) = preSolution
		HideSolutionNode = FALSE
	EndGlobalSection
	GlobalSection(ExtensibilityGlobals) = postSolution
		SolutionGuid = {2383DF42-E8E3-48C4-9BE6-633131AE1F33}
	EndGlobalSection
EndGlobal
